
Microsoft Visual Studio Solution File, Format Version 12.00
# Visual Studio Version 17
VisualStudioVersion = 17.12.35506.116 d17.12
MinimumVisualStudioVersion = 10.0.40219.1
Project("{FAE04EC0-301F-11D3-BF4B-00C04F79EFBC}") = "DataGridView", "DataGridView.csproj", "{A98AE8E3-540C-4AE1-A0EE-56A578EE3BFA}"
EndProject
Global
	GlobalSection(SolutionConfigurationPlatforms) = preSolution
		Debug|Any CPU = Debug|Any CPU
		Release|Any CPU = Release|Any CPU
	EndGlobalSection
	GlobalSection(ProjectConfigurationPlatforms) = postSolution
		{A98AE8E3-540C-4AE1-A0EE-56A578EE3BFA}.Debug|Any CPU.ActiveCfg = Debug|Any CPU
		{A98AE8E3-540C-4AE1-A0EE-56A578EE3BFA}.Debug|Any CPU.Build.0 = Debug|Any CPU
		{A98AE8E3-540C-4AE1-A0EE-56A578EE3BFA}.Release|Any CPU.ActiveCfg = Release|Any CPU
		{A98AE8E3-540C-4AE1-A0EE-56A578EE3BFA}.Release|Any CPU.Build.0 = Release|Any CPU
	EndGlobalSection
	GlobalSection(SolutionProperties) = preSolution
		HideSolutionNode = FALSE
	EndGlobalSection
EndGlobal
